
Microsoft Visual Studio Solution File, Format Version 12.00
# Visual Studio Version 17
VisualStudioVersion = 17.4.33110.190
MinimumVisualStudioVersion = 10.0.40219.1
Project("{FAE04EC0-301F-11D3-BF4B-00C04F79EFBC}") = "La-Mia-Pizzeria-Crud-MVC", "La-Mia-Pizzeria-Crud-MVC\La-Mia-Pizzeria-Crud-MVC.csproj", "{0D012E79-85FB-4CDB-BD9B-83FCDCA84ECB}"
EndProject
Global
	GlobalSection(SolutionConfigurationPlatforms) = preSolution
		Debug|Any CPU = Debug|Any CPU
		Release|Any CPU = Release|Any CPU
	EndGlobalSection
	GlobalSection(ProjectConfigurationPlatforms) = postSolution
		{0D012E79-85FB-4CDB-BD9B-83FCDCA84ECB}.Debug|Any CPU.ActiveCfg = Debug|Any CPU
		{0D012E79-85FB-4CDB-BD9B-83FCDCA84ECB}.Debug|Any CPU.Build.0 = Debug|Any CPU
		{0D012E79-85FB-4CDB-BD9B-83FCDCA84ECB}.Release|Any CPU.ActiveCfg = Release|Any CPU
		{0D012E79-85FB-4CDB-BD9B-83FCDCA84ECB}.Release|Any CPU.Build.0 = Release|Any CPU
	EndGlobalSection
	GlobalSection(SolutionProperties) = preSolution
		HideSolutionNode = FALSE
	EndGlobalSection
	GlobalSection(ExtensibilityGlobals) = postSolution
		SolutionGuid = {2B3DEEEE-FA84-4924-BDDF-F87978F1C656}
	EndGlobalSection
EndGlobal
